
Microsoft Visual Studio Solution File, Format Version 12.00
# Visual Studio 15
VisualStudioVersion = 15.0.28307.168
MinimumVisualStudioVersion = 10.0.40219.1
Project("{9A19103F-16F7-4668-BE54-9A1E7A4F7556}") = "Amusoft.UI.WPF", "Amusoft.UI.WPF\Amusoft.UI.WPF.csproj", "{522259C7-0E25-4BDC-9C9D-127968FFA87C}"
EndProject
Project("{FAE04EC0-301F-11D3-BF4B-00C04F79EFBC}") = "Amusoft.UI.WPF.Playground", "..\tests\Amusoft.UI.WPF.Playground\Amusoft.UI.WPF.Playground.csproj", "{2B2A7AC3-95A7-456F-A282-B9C18C9D9DC2}"
EndProject
Project("{2150E333-8FDC-42A3-9474-1A3956D46DE8}") = "Solution Items", "Solution Items", "{6BCB7F8A-F77D-4112-909A-43B3FA54FC37}"
	ProjectSection(SolutionItems) = preProject
		.editorconfig = .editorconfig
	EndProjectSection
EndProject
Project("{FAE04EC0-301F-11D3-BF4B-00C04F79EFBC}") = "Amusoft.UI.WPF.NugetIntegration", "..\tests\Amusoft.UI.WPF.NugetIntegration\Amusoft.UI.WPF.NugetIntegration.csproj", "{A07D908E-37E3-437C-9760-36B313581B8F}"
EndProject
Project("{FAE04EC0-301F-11D3-BF4B-00C04F79EFBC}") = "Amusoft.UI.Tests", "..\tests\Amusoft.UI.Tests\Amusoft.UI.Tests.csproj", "{5957A600-1881-4249-9BAF-DB31077B10CC}"
EndProject
Global
	GlobalSection(SolutionConfigurationPlatforms) = preSolution
		Debug|Any CPU = Debug|Any CPU
		Release|Any CPU = Release|Any CPU
	EndGlobalSection
	GlobalSection(ProjectConfigurationPlatforms) = postSolution
		{522259C7-0E25-4BDC-9C9D-127968FFA87C}.Debug|Any CPU.ActiveCfg = Debug|Any CPU
		{522259C7-0E25-4BDC-9C9D-127968FFA87C}.Debug|Any CPU.Build.0 = Debug|Any CPU
		{522259C7-0E25-4BDC-9C9D-127968FFA87C}.Release|Any CPU.ActiveCfg = Release|Any CPU
		{522259C7-0E25-4BDC-9C9D-127968FFA87C}.Release|Any CPU.Build.0 = Release|Any CPU
		{2B2A7AC3-95A7-456F-A282-B9C18C9D9DC2}.Debug|Any CPU.ActiveCfg = Debug|Any CPU
		{2B2A7AC3-95A7-456F-A282-B9C18C9D9DC2}.Debug|Any CPU.Build.0 = Debug|Any CPU
		{2B2A7AC3-95A7-456F-A282-B9C18C9D9DC2}.Release|Any CPU.ActiveCfg = Release|Any CPU
		{2B2A7AC3-95A7-456F-A282-B9C18C9D9DC2}.Release|Any CPU.Build.0 = Release|Any CPU
		{A07D908E-37E3-437C-9760-36B313581B8F}.Debug|Any CPU.ActiveCfg = Debug|Any CPU
		{A07D908E-37E3-437C-9760-36B313581B8F}.Debug|Any CPU.Build.0 = Debug|Any CPU
		{A07D908E-37E3-437C-9760-36B313581B8F}.Release|Any CPU.ActiveCfg = Release|Any CPU
		{A07D908E-37E3-437C-9760-36B313581B8F}.Release|Any CPU.Build.0 = Release|Any CPU
		{5957A600-1881-4249-9BAF-DB31077B10CC}.Debug|Any CPU.ActiveCfg = Debug|Any CPU
		{5957A600-1881-4249-9BAF-DB31077B10CC}.Debug|Any CPU.Build.0 = Debug|Any CPU
		{5957A600-1881-4249-9BAF-DB31077B10CC}.Release|Any CPU.ActiveCfg = Release|Any CPU
		{5957A600-1881-4249-9BAF-DB31077B10CC}.Release|Any CPU.Build.0 = Release|Any CPU
	EndGlobalSection
	GlobalSection(SolutionProperties) = preSolution
		HideSolutionNode = FALSE
	EndGlobalSection
	GlobalSection(ExtensibilityGlobals) = postSolution
		SolutionGuid = {37F670A6-A77C-4413-BEA1-BF453BC34DF2}
	EndGlobalSection
EndGlobal
